// !$*UTF8*$!
{
	archiveVersion = 1;
	classes = {
	};
	objectVersion = 56;
	objects = {

/* Begin PBXBuildFile section */
		580E98962CAD9563004D6FE2 /* AppDelegate.swift in Sources */ = {isa = PBXBuildFile; fileRef = 580E98952CAD9563004D6FE2 /* AppDelegate.swift */; };
		580E98982CAD9563004D6FE2 /* SceneDelegate.swift in Sources */ = {isa = PBXBuildFile; fileRef = 580E98972CAD9563004D6FE2 /* SceneDelegate.swift */; };
		580E98A02CAD9563004D6FE2 /* News.xcdatamodeld in Sources */ = {isa = PBXBuildFile; fileRef = 580E989E2CAD9563004D6FE2 /* News.xcdatamodeld */; };
		580E98A22CAD9564004D6FE2 /* Assets.xcassets in Resources */ = {isa = PBXBuildFile; fileRef = 580E98A12CAD9564004D6FE2 /* Assets.xcassets */; };
		580E98A52CAD9564004D6FE2 /* Base in Resources */ = {isa = PBXBuildFile; fileRef = 580E98A42CAD9564004D6FE2 /* Base */; };
		580E98AD2CAE60F0004D6FE2 /* MainViewController.swift in Sources */ = {isa = PBXBuildFile; fileRef = 580E98AC2CAE60F0004D6FE2 /* MainViewController.swift */; };
		580E98B02CAE655A004D6FE2 /* UIView+AutoLayout.swift in Sources */ = {isa = PBXBuildFile; fileRef = 580E98AF2CAE655A004D6FE2 /* UIView+AutoLayout.swift */; };
		580E98B72CAE74C8004D6FE2 /* CoreDataManager.swift in Sources */ = {isa = PBXBuildFile; fileRef = 580E98B62CAE74C8004D6FE2 /* CoreDataManager.swift */; };
		580E98BA2CAE892D004D6FE2 /* Article.swift in Sources */ = {isa = PBXBuildFile; fileRef = 580E98B92CAE892D004D6FE2 /* Article.swift */; };
		580E98C72CAE9E9F004D6FE2 /* NewsResponse.swift in Sources */ = {isa = PBXBuildFile; fileRef = 580E98C62CAE9E9F004D6FE2 /* NewsResponse.swift */; };
/* End PBXBuildFile section */

/* Begin PBXFileReference section */
		580E98922CAD9563004D6FE2 /* News.app */ = {isa = PBXFileReference; explicitFileType = wrapper.application; includeInIndex = 0; path = News.app; sourceTree = BUILT_PRODUCTS_DIR; };
		580E98952CAD9563004D6FE2 /* AppDelegate.swift */ = {isa = PBXFileReference; lastKnownFileType = sourcecode.swift; path = AppDelegate.swift; sourceTree = "<group>"; };
		580E98972CAD9563004D6FE2 /* SceneDelegate.swift */ = {isa = PBXFileReference; lastKnownFileType = sourcecode.swift; path = SceneDelegate.swift; sourceTree = "<group>"; };
		580E989F2CAD9563004D6FE2 /* News.xcdatamodel */ = {isa = PBXFileReference; lastKnownFileType = wrapper.xcdatamodel; path = News.xcdatamodel; sourceTree = "<group>"; };
		580E98A12CAD9564004D6FE2 /* Assets.xcassets */ = {isa = PBXFileReference; lastKnownFileType = folder.assetcatalog; path = Assets.xcassets; sourceTree = "<group>"; };
		580E98A42CAD9564004D6FE2 /* Base */ = {isa = PBXFileReference; lastKnownFileType = file.storyboard; name = Base; path = Base.lproj/LaunchScreen.storyboard; sourceTree = "<group>"; };
		580E98A62CAD9564004D6FE2 /* Info.plist */ = {isa = PBXFileReference; lastKnownFileType = text.plist.xml; path = Info.plist; sourceTree = "<group>"; };
		580E98AC2CAE60F0004D6FE2 /* MainViewController.swift */ = {isa = PBXFileReference; lastKnownFileType = sourcecode.swift; path = MainViewController.swift; sourceTree = "<group>"; };
		580E98AF2CAE655A004D6FE2 /* UIView+AutoLayout.swift */ = {isa = PBXFileReference; lastKnownFileType = sourcecode.swift; path = "UIView+AutoLayout.swift"; sourceTree = "<group>"; };
		580E98B62CAE74C8004D6FE2 /* CoreDataManager.swift */ = {isa = PBXFileReference; lastKnownFileType = sourcecode.swift; path = CoreDataManager.swift; sourceTree = "<group>"; };
		580E98B92CAE892D004D6FE2 /* Article.swift */ = {isa = PBXFileReference; lastKnownFileType = sourcecode.swift; path = Article.swift; sourceTree = "<group>"; };
		580E98C62CAE9E9F004D6FE2 /* NewsResponse.swift */ = {isa = PBXFileReference; lastKnownFileType = sourcecode.swift; path = NewsResponse.swift; sourceTree = "<group>"; };
/* End PBXFileReference section */

/* Begin PBXFrameworksBuildPhase section */
		580E988F2CAD9563004D6FE2 /* Frameworks */ = {
			isa = PBXFrameworksBuildPhase;
			buildActionMask = 2147483647;
			files = (
			);
			runOnlyForDeploymentPostprocessing = 0;
		};
/* End PBXFrameworksBuildPhase section */

/* Begin PBXGroup section */
		580E98892CAD9563004D6FE2 = {
			isa = PBXGroup;
			children = (
				580E98942CAD9563004D6FE2 /* News */,
				580E98932CAD9563004D6FE2 /* Products */,
			);
			sourceTree = "<group>";
		};
		580E98932CAD9563004D6FE2 /* Products */ = {
			isa = PBXGroup;
			children = (
				580E98922CAD9563004D6FE2 /* News.app */,
			);
			name = Products;
			sourceTree = "<group>";
		};
		580E98942CAD9563004D6FE2 /* News */ = {
			isa = PBXGroup;
			children = (
				580E98B32CAE6E8E004D6FE2 /* Application */,
				580E98B22CAE6E7D004D6FE2 /* Presentation */,
				580E98B82CAE891F004D6FE2 /* Models */,
				580E98AE2CAE654D004D6FE2 /* Utils */,
				580E98B52CAE7016004D6FE2 /* Resources */,
			);
			path = News;
			sourceTree = "<group>";
		};
		580E98AE2CAE654D004D6FE2 /* Utils */ = {
			isa = PBXGroup;
			children = (
				580E98B12CAE6562004D6FE2 /* Extensions */,
				580E98B62CAE74C8004D6FE2 /* CoreDataManager.swift */,
			);
			path = Utils;
			sourceTree = "<group>";
		};
		580E98B12CAE6562004D6FE2 /* Extensions */ = {
			isa = PBXGroup;
			children = (
				580E98AF2CAE655A004D6FE2 /* UIView+AutoLayout.swift */,
			);
			path = Extensions;
			sourceTree = "<group>";
		};
		580E98B22CAE6E7D004D6FE2 /* Presentation */ = {
			isa = PBXGroup;
			children = (
				580E98B42CAE6E9E004D6FE2 /* Main */,
			);
			path = Presentation;
			sourceTree = "<group>";
		};
		580E98B32CAE6E8E004D6FE2 /* Application */ = {
			isa = PBXGroup;
			children = (
				580E98952CAD9563004D6FE2 /* AppDelegate.swift */,
				580E98972CAD9563004D6FE2 /* SceneDelegate.swift */,
			);
			path = Application;
			sourceTree = "<group>";
		};
		580E98B42CAE6E9E004D6FE2 /* Main */ = {
			isa = PBXGroup;
			children = (
				580E98AC2CAE60F0004D6FE2 /* MainViewController.swift */,
			);
			path = Main;
			sourceTree = "<group>";
		};
		580E98B52CAE7016004D6FE2 /* Resources */ = {
			isa = PBXGroup;
			children = (
				580E98A12CAD9564004D6FE2 /* Assets.xcassets */,
				580E98A32CAD9564004D6FE2 /* LaunchScreen.storyboard */,
				580E98A62CAD9564004D6FE2 /* Info.plist */,
				580E989E2CAD9563004D6FE2 /* News.xcdatamodeld */,
			);
			path = Resources;
			sourceTree = "<group>";
		};
		580E98B82CAE891F004D6FE2 /* Models */ = {
			isa = PBXGroup;
			children = (
				580E98B92CAE892D004D6FE2 /* Article.swift */,
				580E98C62CAE9E9F004D6FE2 /* NewsResponse.swift */,
			);
			path = Models;
			sourceTree = "<group>";
		};
/* End PBXGroup section */

/* Begin PBXNativeTarget section */
		580E98912CAD9563004D6FE2 /* News */ = {
			isa = PBXNativeTarget;
			buildConfigurationList = 580E98A92CAD9564004D6FE2 /* Build configuration list for PBXNativeTarget "News" */;
			buildPhases = (
				580E988E2CAD9563004D6FE2 /* Sources */,
				580E988F2CAD9563004D6FE2 /* Frameworks */,
				580E98902CAD9563004D6FE2 /* Resources */,
			);
			buildRules = (
			);
			dependencies = (
			);
			name = News;
			productName = News;
			productReference = 580E98922CAD9563004D6FE2 /* News.app */;
			productType = "com.apple.product-type.application";
		};
/* End PBXNativeTarget section */

/* Begin PBXProject section */
		580E988A2CAD9563004D6FE2 /* Project object */ = {
			isa = PBXProject;
			attributes = {
				BuildIndependentTargetsInParallel = 1;
				LastSwiftUpdateCheck = 1540;
				LastUpgradeCheck = 1540;
				TargetAttributes = {
					580E98912CAD9563004D6FE2 = {
						CreatedOnToolsVersion = 15.4;
					};
				};
			};
			buildConfigurationList = 580E988D2CAD9563004D6FE2 /* Build configuration list for PBXProject "News" */;
			compatibilityVersion = "Xcode 14.0";
			developmentRegion = en;
			hasScannedForEncodings = 0;
			knownRegions = (
				en,
				Base,
			);
			mainGroup = 580E98892CAD9563004D6FE2;
			productRefGroup = 580E98932CAD9563004D6FE2 /* Products */;
			projectDirPath = "";
			projectRoot = "";
			targets = (
				580E98912CAD9563004D6FE2 /* News */,
			);
		};
/* End PBXProject section */

/* Begin PBXResourcesBuildPhase section */
		580E98902CAD9563004D6FE2 /* Resources */ = {
			isa = PBXResourcesBuildPhase;
			buildActionMask = 2147483647;
			files = (
				580E98A22CAD9564004D6FE2 /* Assets.xcassets in Resources */,
				580E98A52CAD9564004D6FE2 /* Base in Resources */,
			);
			runOnlyForDeploymentPostprocessing = 0;
		};
/* End PBXResourcesBuildPhase section */

/* Begin PBXSourcesBuildPhase section */
		580E988E2CAD9563004D6FE2 /* Sources */ = {
			isa = PBXSourcesBuildPhase;
			buildActionMask = 2147483647;
			files = (
				580E98BA2CAE892D004D6FE2 /* Article.swift in Sources */,
				580E98B72CAE74C8004D6FE2 /* CoreDataManager.swift in Sources */,
				580E98B02CAE655A004D6FE2 /* UIView+AutoLayout.swift in Sources */,
				580E98962CAD9563004D6FE2 /* AppDelegate.swift in Sources */,
				580E98C72CAE9E9F004D6FE2 /* NewsResponse.swift in Sources */,
				580E98A02CAD9563004D6FE2 /* News.xcdatamodeld in Sources */,
				580E98982CAD9563004D6FE2 /* SceneDelegate.swift in Sources */,
				580E98AD2CAE60F0004D6FE2 /* MainViewController.swift in Sources */,
			);
			runOnlyForDeploymentPostprocessing = 0;
		};
/* End PBXSourcesBuildPhase section */

/* Begin PBXVariantGroup section */
		580E98A32CAD9564004D6FE2 /* LaunchScreen.storyboard */ = {
			isa = PBXVariantGroup;
			children = (
				580E98A42CAD9564004D6FE2 /* Base */,
			);
			name = LaunchScreen.storyboard;
			sourceTree = "<group>";
		};
/* End PBXVariantGroup section */

/* Begin XCBuildConfiguration section */
		580E98A72CAD9564004D6FE2 /* Debug */ = {
			isa = XCBuildConfiguration;
			buildSettings = {
				ALWAYS_SEARCH_USER_PATHS = NO;
				ASSETCATALOG_COMPILER_GENERATE_SWIFT_ASSET_SYMBOL_EXTENSIONS = YES;
				CLANG_ANALYZER_NONNULL = YES;
				CLANG_ANALYZER_NUMBER_OBJECT_CONVERSION = YES_AGGRESSIVE;
				CLANG_CXX_LANGUAGE_STANDARD = "gnu++20";
				CLANG_ENABLE_MODULES = YES;
				CLANG_ENABLE_OBJC_ARC = YES;
				CLANG_ENABLE_OBJC_WEAK = YES;
				CLANG_WARN_BLOCK_CAPTURE_AUTORELEASING = YES;
				CLANG_WARN_BOOL_CONVERSION = YES;
				CLANG_WARN_COMMA = YES;
				CLANG_WARN_CONSTANT_CONVERSION = YES;
				CLANG_WARN_DEPRECATED_OBJC_IMPLEMENTATIONS = YES;
				CLANG_WARN_DIRECT_OBJC_ISA_USAGE = YES_ERROR;
				CLANG_WARN_DOCUMENTATION_COMMENTS = YES;
				CLANG_WARN_EMPTY_BODY = YES;
				CLANG_WARN_ENUM_CONVERSION = YES;
				CLANG_WARN_INFINITE_RECURSION = YES;
				CLANG_WARN_INT_CONVERSION = YES;
				CLANG_WARN_NON_LITERAL_NULL_CONVERSION = YES;
				CLANG_WARN_OBJC_IMPLICIT_RETAIN_SELF = YES;
				CLANG_WARN_OBJC_LITERAL_CONVERSION = YES;
				CLANG_WARN_OBJC_ROOT_CLASS = YES_ERROR;
				CLANG_WARN_QUOTED_INCLUDE_IN_FRAMEWORK_HEADER = YES;
				CLANG_WARN_RANGE_LOOP_ANALYSIS = YES;
				CLANG_WARN_STRICT_PROTOTYPES = YES;
				CLANG_WARN_SUSPICIOUS_MOVE = YES;
				CLANG_WARN_UNGUARDED_AVAILABILITY = YES_AGGRESSIVE;
				CLANG_WARN_UNREACHABLE_CODE = YES;
				CLANG_WARN__DUPLICATE_METHOD_MATCH = YES;
				COPY_PHASE_STRIP = NO;
				DEBUG_INFORMATION_FORMAT = dwarf;
				ENABLE_STRICT_OBJC_MSGSEND = YES;
				ENABLE_TESTABILITY = YES;
				ENABLE_USER_SCRIPT_SANDBOXING = YES;
				GCC_C_LANGUAGE_STANDARD = gnu17;
				GCC_DYNAMIC_NO_PIC = NO;
				GCC_NO_COMMON_BLOCKS = YES;
				GCC_OPTIMIZATION_LEVEL = 0;
				GCC_PREPROCESSOR_DEFINITIONS = (
					"DEBUG=1",
					"$(inherited)",
				);
				GCC_WARN_64_TO_32_BIT_CONVERSION = YES;
				GCC_WARN_ABOUT_RETURN_TYPE = YES_ERROR;
				GCC_WARN_UNDECLARED_SELECTOR = YES;
				GCC_WARN_UNINITIALIZED_AUTOS = YES_AGGRESSIVE;
				GCC_WARN_UNUSED_FUNCTION = YES;
				GCC_WARN_UNUSED_VARIABLE = YES;
				IPHONEOS_DEPLOYMENT_TARGET = 16.0;
				LOCALIZATION_PREFERS_STRING_CATALOGS = YES;
				MTL_ENABLE_DEBUG_INFO = INCLUDE_SOURCE;
				MTL_FAST_MATH = YES;
				ONLY_ACTIVE_ARCH = YES;
				SDKROOT = iphoneos;
				SWIFT_ACTIVE_COMPILATION_CONDITIONS = "DEBUG $(inherited)";
				SWIFT_OPTIMIZATION_LEVEL = "-Onone";
			};
			name = Debug;
		};
		580E98A82CAD9564004D6FE2 /* Release */ = {
			isa = XCBuildConfiguration;
			buildSettings = {
				ALWAYS_SEARCH_USER_PATHS = NO;
				ASSETCATALOG_COMPILER_GENERATE_SWIFT_ASSET_SYMBOL_EXTENSIONS = YES;
				CLANG_ANALYZER_NONNULL = YES;
				CLANG_ANALYZER_NUMBER_OBJECT_CONVERSION = YES_AGGRESSIVE;
				CLANG_CXX_LANGUAGE_STANDARD = "gnu++20";
				CLANG_ENABLE_MODULES = YES;
				CLANG_ENABLE_OBJC_ARC = YES;
				CLANG_ENABLE_OBJC_WEAK = YES;
				CLANG_WARN_BLOCK_CAPTURE_AUTORELEASING = YES;
				CLANG_WARN_BOOL_CONVERSION = YES;
				CLANG_WARN_COMMA = YES;
				CLANG_WARN_CONSTANT_CONVERSION = YES;
				CLANG_WARN_DEPRECATED_OBJC_IMPLEMENTATIONS = YES;
				CLANG_WARN_DIRECT_OBJC_ISA_USAGE = YES_ERROR;
				CLANG_WARN_DOCUMENTATION_COMMENTS = YES;
				CLANG_WARN_EMPTY_BODY = YES;
				CLANG_WARN_ENUM_CONVERSION = YES;
				CLANG_WARN_INFINITE_RECURSION = YES;
				CLANG_WARN_INT_CONVERSION = YES;
				CLANG_WARN_NON_LITERAL_NULL_CONVERSION = YES;
				CLANG_WARN_OBJC_IMPLICIT_RETAIN_SELF = YES;
				CLANG_WARN_OBJC_LITERAL_CONVERSION = YES;
				CLANG_WARN_OBJC_ROOT_CLASS = YES_ERROR;
				CLANG_WARN_QUOTED_INCLUDE_IN_FRAMEWORK_HEADER = YES;
				CLANG_WARN_RANGE_LOOP_ANALYSIS = YES;
				CLANG_WARN_STRICT_PROTOTYPES = YES;
				CLANG_WARN_SUSPICIOUS_MOVE = YES;
				CLANG_WARN_UNGUARDED_AVAILABILITY = YES_AGGRESSIVE;
				CLANG_WARN_UNREACHABLE_CODE = YES;
				CLANG_WARN__DUPLICATE_METHOD_MATCH = YES;
				COPY_PHASE_STRIP = NO;
				DEBUG_INFORMATION_FORMAT = "dwarf-with-dsym";
				ENABLE_NS_ASSERTIONS = NO;
				ENABLE_STRICT_OBJC_MSGSEND = YES;
				ENABLE_USER_SCRIPT_SANDBOXING = YES;
				GCC_C_LANGUAGE_STANDARD = gnu17;
				GCC_NO_COMMON_BLOCKS = YES;
				GCC_WARN_64_TO_32_BIT_CONVERSION = YES;
				GCC_WARN_ABOUT_RETURN_TYPE = YES_ERROR;
				GCC_WARN_UNDECLARED_SELECTOR = YES;
				GCC_WARN_UNINITIALIZED_AUTOS = YES_AGGRESSIVE;
				GCC_WARN_UNUSED_FUNCTION = YES;
				GCC_WARN_UNUSED_VARIABLE = YES;
				IPHONEOS_DEPLOYMENT_TARGET = 16.0;
				LOCALIZATION_PREFERS_STRING_CATALOGS = YES;
				MTL_ENABLE_DEBUG_INFO = NO;
				MTL_FAST_MATH = YES;
				SDKROOT = iphoneos;
				SWIFT_COMPILATION_MODE = wholemodule;
				VALIDATE_PRODUCT = YES;
			};
			name = Release;
		};
		580E98AA2CAD9564004D6FE2 /* Debug */ = {
			isa = XCBuildConfiguration;
			buildSettings = {
				ASSETCATALOG_COMPILER_APPICON_NAME = AppIcon;
				ASSETCATALOG_COMPILER_GLOBAL_ACCENT_COLOR_NAME = AccentColor;
				CODE_SIGN_STYLE = Automatic;
				CURRENT_PROJECT_VERSION = 1;
				DEVELOPMENT_TEAM = E98D6ZNGDP;
				GENERATE_INFOPLIST_FILE = YES;
				INFOPLIST_FILE = News/Resources/Info.plist;
				INFOPLIST_KEY_UIApplicationSupportsIndirectInputEvents = YES;
				INFOPLIST_KEY_UILaunchStoryboardName = LaunchScreen;
				INFOPLIST_KEY_UISupportedInterfaceOrientations_iPad = "UIInterfaceOrientationPortrait UIInterfaceOrientationPortraitUpsideDown UIInterfaceOrientationLandscapeLeft UIInterfaceOrientationLandscapeRight";
				INFOPLIST_KEY_UISupportedInterfaceOrientations_iPhone = "UIInterfaceOrientationPortrait UIInterfaceOrientationLandscapeLeft UIInterfaceOrientationLandscapeRight";
				IPHONEOS_DEPLOYMENT_TARGET = 16.0;
				LD_RUNPATH_SEARCH_PATHS = (
					"$(inherited)",
					"@executable_path/Frameworks",
				);
				MARKETING_VERSION = 1.0;
				PRODUCT_BUNDLE_IDENTIFIER = manbo.News;
				PRODUCT_NAME = "$(TARGET_NAME)";
				SUPPORTED_PLATFORMS = "iphoneos iphonesimulator";
				SUPPORTS_MACCATALYST = NO;
				SUPPORTS_MAC_DESIGNED_FOR_IPHONE_IPAD = NO;
				SUPPORTS_XR_DESIGNED_FOR_IPHONE_IPAD = NO;
				SWIFT_EMIT_LOC_STRINGS = YES;
				SWIFT_VERSION = 5.0;
				TARGETED_DEVICE_FAMILY = 1;
			};
			name = Debug;
		};
		580E98AB2CAD9564004D6FE2 /* Release */ = {
			isa = XCBuildConfiguration;
			buildSettings = {
				ASSETCATALOG_COMPILER_APPICON_NAME = AppIcon;
				ASSETCATALOG_COMPILER_GLOBAL_ACCENT_COLOR_NAME = AccentColor;
				CODE_SIGN_STYLE = Automatic;
				CURRENT_PROJECT_VERSION = 1;
				DEVELOPMENT_TEAM = E98D6ZNGDP;
				GENERATE_INFOPLIST_FILE = YES;
				INFOPLIST_FILE = News/Resources/Info.plist;
				INFOPLIST_KEY_UIApplicationSupportsIndirectInputEvents = YES;
				INFOPLIST_KEY_UILaunchStoryboardName = LaunchScreen;
				INFOPLIST_KEY_UISupportedInterfaceOrientations_iPad = "UIInterfaceOrientationPortrait UIInterfaceOrientationPortraitUpsideDown UIInterfaceOrientationLandscapeLeft UIInterfaceOrientationLandscapeRight";
				INFOPLIST_KEY_UISupportedInterfaceOrientations_iPhone = "UIInterfaceOrientationPortrait UIInterfaceOrientationLandscapeLeft UIInterfaceOrientationLandscapeRight";
				IPHONEOS_DEPLOYMENT_TARGET = 16.0;
				LD_RUNPATH_SEARCH_PATHS = (
					"$(inherited)",
					"@executable_path/Frameworks",
				);
				MARKETING_VERSION = 1.0;
				PRODUCT_BUNDLE_IDENTIFIER = manbo.News;
				PRODUCT_NAME = "$(TARGET_NAME)";
				SUPPORTED_PLATFORMS = "iphoneos iphonesimulator";
				SUPPORTS_MACCATALYST = NO;
				SUPPORTS_MAC_DESIGNED_FOR_IPHONE_IPAD = NO;
				SUPPORTS_XR_DESIGNED_FOR_IPHONE_IPAD = NO;
				SWIFT_EMIT_LOC_STRINGS = YES;
				SWIFT_VERSION = 5.0;
				TARGETED_DEVICE_FAMILY = 1;
			};
			name = Release;
		};
/* End XCBuildConfiguration section */

/* Begin XCConfigurationList section */
		580E988D2CAD9563004D6FE2 /* Build configuration list for PBXProject "News" */ = {
			isa = XCConfigurationList;
			buildConfigurations = (
				580E98A72CAD9564004D6FE2 /* Debug */,
				580E98A82CAD9564004D6FE2 /* Release */,
			);
			defaultConfigurationIsVisible = 0;
			defaultConfigurationName = Release;
		};
		580E98A92CAD9564004D6FE2 /* Build configuration list for PBXNativeTarget "News" */ = {
			isa = XCConfigurationList;
			buildConfigurations = (
				580E98AA2CAD9564004D6FE2 /* Debug */,
				580E98AB2CAD9564004D6FE2 /* Release */,
			);
			defaultConfigurationIsVisible = 0;
			defaultConfigurationName = Release;
		};
/* End XCConfigurationList section */

/* Begin XCVersionGroup section */
		580E989E2CAD9563004D6FE2 /* News.xcdatamodeld */ = {
			isa = XCVersionGroup;
			children = (
				580E989F2CAD9563004D6FE2 /* News.xcdatamodel */,
			);
			currentVersion = 580E989F2CAD9563004D6FE2 /* News.xcdatamodel */;
			path = News.xcdatamodeld;
			sourceTree = "<group>";
			versionGroupType = wrapper.xcdatamodel;
		};
/* End XCVersionGroup section */
	};
	rootObject = 580E988A2CAD9563004D6FE2 /* Project object */;
}
